// !$*UTF8*$!
{
	archiveVersion = 1;
	classes = {
	};
	objectVersion = 50;
	objects = {

/* Begin PBXBuildFile section */
		4325DEE322FB9A6900DC5E74 /* Counter.swift in Sources */ = {isa = PBXBuildFile; fileRef = 4325DEE222FB9A6900DC5E74 /* Counter.swift */; };
		4325DEE722FBC7AA00DC5E74 /* Constants.swift in Sources */ = {isa = PBXBuildFile; fileRef = 4325DEE622FBC7AA00DC5E74 /* Constants.swift */; };
		4362DBD722FA873900F041C0 /* AppDelegate.swift in Sources */ = {isa = PBXBuildFile; fileRef = 4362DBD622FA873900F041C0 /* AppDelegate.swift */; };
		4362DBD922FA873900F041C0 /* ViewController.swift in Sources */ = {isa = PBXBuildFile; fileRef = 4362DBD822FA873900F041C0 /* ViewController.swift */; };
		4362DBDC22FA873900F041C0 /* Main.storyboard in Resources */ = {isa = PBXBuildFile; fileRef = 4362DBDA22FA873900F041C0 /* Main.storyboard */; };
		4362DBDE22FA873900F041C0 /* Assets.xcassets in Resources */ = {isa = PBXBuildFile; fileRef = 4362DBDD22FA873900F041C0 /* Assets.xcassets */; };
		4362DBE122FA873900F041C0 /* LaunchScreen.storyboard in Resources */ = {isa = PBXBuildFile; fileRef = 4362DBDF22FA873900F041C0 /* LaunchScreen.storyboard */; };
		4362DBEC22FA873900F041C0 /* RowUpTests.swift in Sources */ = {isa = PBXBuildFile; fileRef = 4362DBEB22FA873900F041C0 /* RowUpTests.swift */; };
		4362DBF122FA873900F041C0 /* RowUp WatchKit App.app in Embed Watch Content */ = {isa = PBXBuildFile; fileRef = 4362DBF022FA873900F041C0 /* RowUp WatchKit App.app */; };
		4362DBF722FA873900F041C0 /* Interface.storyboard in Resources */ = {isa = PBXBuildFile; fileRef = 4362DBF522FA873900F041C0 /* Interface.storyboard */; };
		4362DBF922FA873A00F041C0 /* Assets.xcassets in Resources */ = {isa = PBXBuildFile; fileRef = 4362DBF822FA873A00F041C0 /* Assets.xcassets */; };
		4362DC0022FA873A00F041C0 /* RowUp WatchKit Extension.appex in Embed App Extensions */ = {isa = PBXBuildFile; fileRef = 4362DBFF22FA873A00F041C0 /* RowUp WatchKit Extension.appex */; settings = {ATTRIBUTES = (RemoveHeadersOnCopy, ); }; };
		4362DC0522FA873A00F041C0 /* InterfaceController.swift in Sources */ = {isa = PBXBuildFile; fileRef = 4362DC0422FA873A00F041C0 /* InterfaceController.swift */; };
		4362DC0722FA873A00F041C0 /* ExtensionDelegate.swift in Sources */ = {isa = PBXBuildFile; fileRef = 4362DC0622FA873A00F041C0 /* ExtensionDelegate.swift */; };
		4362DC0922FA873A00F041C0 /* NotificationController.swift in Sources */ = {isa = PBXBuildFile; fileRef = 4362DC0822FA873A00F041C0 /* NotificationController.swift */; };
		4362DC0B22FA873B00F041C0 /* Assets.xcassets in Resources */ = {isa = PBXBuildFile; fileRef = 4362DC0A22FA873B00F041C0 /* Assets.xcassets */; };
/* End PBXBuildFile section */

/* Begin PBXContainerItemProxy section */
		4362DBE822FA873900F041C0 /* PBXContainerItemProxy */ = {
			isa = PBXContainerItemProxy;
			containerPortal = 4362DBCB22FA873900F041C0 /* Project object */;
			proxyType = 1;
			remoteGlobalIDString = 4362DBD222FA873900F041C0;
			remoteInfo = RowUp;
		};
		4362DBF222FA873900F041C0 /* PBXContainerItemProxy */ = {
			isa = PBXContainerItemProxy;
			containerPortal = 4362DBCB22FA873900F041C0 /* Project object */;
			proxyType = 1;
			remoteGlobalIDString = 4362DBEF22FA873900F041C0;
			remoteInfo = "RowUp WatchKit App";
		};
		4362DC0122FA873A00F041C0 /* PBXContainerItemProxy */ = {
			isa = PBXContainerItemProxy;
			containerPortal = 4362DBCB22FA873900F041C0 /* Project object */;
			proxyType = 1;
			remoteGlobalIDString = 4362DBFE22FA873A00F041C0;
			remoteInfo = "RowUp WatchKit Extension";
		};
/* End PBXContainerItemProxy section */

/* Begin PBXCopyFilesBuildPhase section */
		4362DC1322FA873B00F041C0 /* Embed App Extensions */ = {
			isa = PBXCopyFilesBuildPhase;
			buildActionMask = 2147483647;
			dstPath = "";
			dstSubfolderSpec = 13;
			files = (
				4362DC0022FA873A00F041C0 /* RowUp WatchKit Extension.appex in Embed App Extensions */,
			);
			name = "Embed App Extensions";
			runOnlyForDeploymentPostprocessing = 0;
		};
		4362DC1722FA873B00F041C0 /* Embed Watch Content */ = {
			isa = PBXCopyFilesBuildPhase;
			buildActionMask = 2147483647;
			dstPath = "$(CONTENTS_FOLDER_PATH)/Watch";
			dstSubfolderSpec = 16;
			files = (
				4362DBF122FA873900F041C0 /* RowUp WatchKit App.app in Embed Watch Content */,
			);
			name = "Embed Watch Content";
			runOnlyForDeploymentPostprocessing = 0;
		};
/* End PBXCopyFilesBuildPhase section */

/* Begin PBXFileReference section */
		4325DEE222FB9A6900DC5E74 /* Counter.swift */ = {isa = PBXFileReference; lastKnownFileType = sourcecode.swift; path = Counter.swift; sourceTree = "<group>"; };
		4325DEE622FBC7AA00DC5E74 /* Constants.swift */ = {isa = PBXFileReference; lastKnownFileType = sourcecode.swift; path = Constants.swift; sourceTree = "<group>"; };
		4362DBD322FA873900F041C0 /* RowUp.app */ = {isa = PBXFileReference; explicitFileType = wrapper.application; includeInIndex = 0; path = RowUp.app; sourceTree = BUILT_PRODUCTS_DIR; };
		4362DBD622FA873900F041C0 /* AppDelegate.swift */ = {isa = PBXFileReference; lastKnownFileType = sourcecode.swift; path = AppDelegate.swift; sourceTree = "<group>"; };
		4362DBD822FA873900F041C0 /* ViewController.swift */ = {isa = PBXFileReference; lastKnownFileType = sourcecode.swift; path = ViewController.swift; sourceTree = "<group>"; };
		4362DBDB22FA873900F041C0 /* Base */ = {isa = PBXFileReference; lastKnownFileType = file.storyboard; name = Base; path = Base.lproj/Main.storyboard; sourceTree = "<group>"; };
		4362DBDD22FA873900F041C0 /* Assets.xcassets */ = {isa = PBXFileReference; lastKnownFileType = folder.assetcatalog; path = Assets.xcassets; sourceTree = "<group>"; };
		4362DBE022FA873900F041C0 /* Base */ = {isa = PBXFileReference; lastKnownFileType = file.storyboard; name = Base; path = Base.lproj/LaunchScreen.storyboard; sourceTree = "<group>"; };
		4362DBE222FA873900F041C0 /* Info.plist */ = {isa = PBXFileReference; lastKnownFileType = text.plist.xml; path = Info.plist; sourceTree = "<group>"; };
		4362DBE722FA873900F041C0 /* RowUpTests.xctest */ = {isa = PBXFileReference; explicitFileType = wrapper.cfbundle; includeInIndex = 0; path = RowUpTests.xctest; sourceTree = BUILT_PRODUCTS_DIR; };
		4362DBEB22FA873900F041C0 /* RowUpTests.swift */ = {isa = PBXFileReference; lastKnownFileType = sourcecode.swift; path = RowUpTests.swift; sourceTree = "<group>"; };
		4362DBED22FA873900F041C0 /* Info.plist */ = {isa = PBXFileReference; lastKnownFileType = text.plist.xml; path = Info.plist; sourceTree = "<group>"; };
		4362DBF022FA873900F041C0 /* RowUp WatchKit App.app */ = {isa = PBXFileReference; explicitFileType = wrapper.application; includeInIndex = 0; path = "RowUp WatchKit App.app"; sourceTree = BUILT_PRODUCTS_DIR; };
		4362DBF622FA873900F041C0 /* Base */ = {isa = PBXFileReference; lastKnownFileType = file.storyboard; name = Base; path = Base.lproj/Interface.storyboard; sourceTree = "<group>"; };
		4362DBF822FA873A00F041C0 /* Assets.xcassets */ = {isa = PBXFileReference; lastKnownFileType = folder.assetcatalog; path = Assets.xcassets; sourceTree = "<group>"; };
		4362DBFA22FA873A00F041C0 /* Info.plist */ = {isa = PBXFileReference; lastKnownFileType = text.plist.xml; path = Info.plist; sourceTree = "<group>"; };
		4362DBFF22FA873A00F041C0 /* RowUp WatchKit Extension.appex */ = {isa = PBXFileReference; explicitFileType = "wrapper.app-extension"; includeInIndex = 0; path = "RowUp WatchKit Extension.appex"; sourceTree = BUILT_PRODUCTS_DIR; };
		4362DC0422FA873A00F041C0 /* InterfaceController.swift */ = {isa = PBXFileReference; lastKnownFileType = sourcecode.swift; path = InterfaceController.swift; sourceTree = "<group>"; };
		4362DC0622FA873A00F041C0 /* ExtensionDelegate.swift */ = {isa = PBXFileReference; lastKnownFileType = sourcecode.swift; path = ExtensionDelegate.swift; sourceTree = "<group>"; };
		4362DC0822FA873A00F041C0 /* NotificationController.swift */ = {isa = PBXFileReference; lastKnownFileType = sourcecode.swift; path = NotificationController.swift; sourceTree = "<group>"; };
		4362DC0A22FA873B00F041C0 /* Assets.xcassets */ = {isa = PBXFileReference; lastKnownFileType = folder.assetcatalog; path = Assets.xcassets; sourceTree = "<group>"; };
		4362DC0C22FA873B00F041C0 /* Info.plist */ = {isa = PBXFileReference; lastKnownFileType = text.plist.xml; path = Info.plist; sourceTree = "<group>"; };
		4362DC0D22FA873B00F041C0 /* PushNotificationPayload.apns */ = {isa = PBXFileReference; lastKnownFileType = text; path = PushNotificationPayload.apns; sourceTree = "<group>"; };
/* End PBXFileReference section */

/* Begin PBXFrameworksBuildPhase section */
		4362DBD022FA873900F041C0 /* Frameworks */ = {
			isa = PBXFrameworksBuildPhase;
			buildActionMask = 2147483647;
			files = (
			);
			runOnlyForDeploymentPostprocessing = 0;
		};
		4362DBE422FA873900F041C0 /* Frameworks */ = {
			isa = PBXFrameworksBuildPhase;
			buildActionMask = 2147483647;
			files = (
			);
			runOnlyForDeploymentPostprocessing = 0;
		};
		4362DBFC22FA873A00F041C0 /* Frameworks */ = {
			isa = PBXFrameworksBuildPhase;
			buildActionMask = 2147483647;
			files = (
			);
			runOnlyForDeploymentPostprocessing = 0;
		};
		511FFC264422FE07C3C54D3C /* Frameworks */ = {
			isa = PBXFrameworksBuildPhase;
			buildActionMask = 2147483647;
			files = (
			);
			runOnlyForDeploymentPostprocessing = 0;
		};
/* End PBXFrameworksBuildPhase section */

/* Begin PBXGroup section */
		4325DEE122FB9A4200DC5E74 /* Model */ = {
			isa = PBXGroup;
			children = (
				4325DEE222FB9A6900DC5E74 /* Counter.swift */,
			);
			path = Model;
			sourceTree = "<group>";
		};
		4325DEE822FBC97D00DC5E74 /* Resources */ = {
			isa = PBXGroup;
			children = (
				4362DBDD22FA873900F041C0 /* Assets.xcassets */,
				4325DEE622FBC7AA00DC5E74 /* Constants.swift */,
			);
			path = Resources;
			sourceTree = "<group>";
		};
		4362DBCA22FA873900F041C0 = {
			isa = PBXGroup;
			children = (
				4362DBD522FA873900F041C0 /* RowUp */,
				4362DBEA22FA873900F041C0 /* RowUpTests */,
				4362DBF422FA873900F041C0 /* RowUp WatchKit App */,
				4362DC0322FA873A00F041C0 /* RowUp WatchKit Extension */,
				4362DBD422FA873900F041C0 /* Products */,
			);
			sourceTree = "<group>";
		};
		4362DBD422FA873900F041C0 /* Products */ = {
			isa = PBXGroup;
			children = (
				4362DBD322FA873900F041C0 /* RowUp.app */,
				4362DBE722FA873900F041C0 /* RowUpTests.xctest */,
				4362DBF022FA873900F041C0 /* RowUp WatchKit App.app */,
				4362DBFF22FA873A00F041C0 /* RowUp WatchKit Extension.appex */,
			);
			name = Products;
			sourceTree = "<group>";
		};
		4362DBD522FA873900F041C0 /* RowUp */ = {
			isa = PBXGroup;
			children = (
				4325DEE822FBC97D00DC5E74 /* Resources */,
				4325DEE122FB9A4200DC5E74 /* Model */,
				4362DBD622FA873900F041C0 /* AppDelegate.swift */,
				4362DBD822FA873900F041C0 /* ViewController.swift */,
				4362DBDA22FA873900F041C0 /* Main.storyboard */,
				4362DBDF22FA873900F041C0 /* LaunchScreen.storyboard */,
				4362DBE222FA873900F041C0 /* Info.plist */,
			);
			path = RowUp;
			sourceTree = "<group>";
		};
		4362DBEA22FA873900F041C0 /* RowUpTests */ = {
			isa = PBXGroup;
			children = (
				4362DBEB22FA873900F041C0 /* RowUpTests.swift */,
				4362DBED22FA873900F041C0 /* Info.plist */,
			);
			path = RowUpTests;
			sourceTree = "<group>";
		};
		4362DBF422FA873900F041C0 /* RowUp WatchKit App */ = {
			isa = PBXGroup;
			children = (
				4362DBF522FA873900F041C0 /* Interface.storyboard */,
				4362DBF822FA873A00F041C0 /* Assets.xcassets */,
				4362DBFA22FA873A00F041C0 /* Info.plist */,
			);
			path = "RowUp WatchKit App";
			sourceTree = "<group>";
		};
		4362DC0322FA873A00F041C0 /* RowUp WatchKit Extension */ = {
			isa = PBXGroup;
			children = (
				4362DC0422FA873A00F041C0 /* InterfaceController.swift */,
				4362DC0622FA873A00F041C0 /* ExtensionDelegate.swift */,
				4362DC0822FA873A00F041C0 /* NotificationController.swift */,
				4362DC0A22FA873B00F041C0 /* Assets.xcassets */,
				4362DC0C22FA873B00F041C0 /* Info.plist */,
				4362DC0D22FA873B00F041C0 /* PushNotificationPayload.apns */,
			);
			path = "RowUp WatchKit Extension";
			sourceTree = "<group>";
		};
/* End PBXGroup section */

/* Begin PBXNativeTarget section */
		4362DBD222FA873900F041C0 /* RowUp */ = {
			isa = PBXNativeTarget;
			buildConfigurationList = 4362DC1822FA873B00F041C0 /* Build configuration list for PBXNativeTarget "RowUp" */;
			buildPhases = (
				4362DBCF22FA873900F041C0 /* Sources */,
				4362DBD022FA873900F041C0 /* Frameworks */,
				4362DBD122FA873900F041C0 /* Resources */,
				4362DC1722FA873B00F041C0 /* Embed Watch Content */,
			);
			buildRules = (
			);
			dependencies = (
				4362DBF322FA873900F041C0 /* PBXTargetDependency */,
			);
			name = RowUp;
			productName = RowUp;
			productReference = 4362DBD322FA873900F041C0 /* RowUp.app */;
			productType = "com.apple.product-type.application";
		};
		4362DBE622FA873900F041C0 /* RowUpTests */ = {
			isa = PBXNativeTarget;
			buildConfigurationList = 4362DC1B22FA873B00F041C0 /* Build configuration list for PBXNativeTarget "RowUpTests" */;
			buildPhases = (
				4362DBE322FA873900F041C0 /* Sources */,
				4362DBE422FA873900F041C0 /* Frameworks */,
				4362DBE522FA873900F041C0 /* Resources */,
			);
			buildRules = (
			);
			dependencies = (
				4362DBE922FA873900F041C0 /* PBXTargetDependency */,
			);
			name = RowUpTests;
			productName = RowUpTests;
			productReference = 4362DBE722FA873900F041C0 /* RowUpTests.xctest */;
			productType = "com.apple.product-type.bundle.unit-test";
		};
		4362DBEF22FA873900F041C0 /* RowUp WatchKit App */ = {
			isa = PBXNativeTarget;
			buildConfigurationList = 4362DC1422FA873B00F041C0 /* Build configuration list for PBXNativeTarget "RowUp WatchKit App" */;
			buildPhases = (
				4362DBEE22FA873900F041C0 /* Resources */,
				4362DC1322FA873B00F041C0 /* Embed App Extensions */,
				511FFC264422FE07C3C54D3C /* Frameworks */,
			);
			buildRules = (
			);
			dependencies = (
				4362DC0222FA873A00F041C0 /* PBXTargetDependency */,
			);
			name = "RowUp WatchKit App";
			productName = "RowUp WatchKit App";
			productReference = 4362DBF022FA873900F041C0 /* RowUp WatchKit App.app */;
			productType = "com.apple.product-type.application.watchapp2";
		};
		4362DBFE22FA873A00F041C0 /* RowUp WatchKit Extension */ = {
			isa = PBXNativeTarget;
			buildConfigurationList = 4362DC1022FA873B00F041C0 /* Build configuration list for PBXNativeTarget "RowUp WatchKit Extension" */;
			buildPhases = (
				4362DBFB22FA873A00F041C0 /* Sources */,
				4362DBFC22FA873A00F041C0 /* Frameworks */,
				4362DBFD22FA873A00F041C0 /* Resources */,
			);
			buildRules = (
			);
			dependencies = (
			);
			name = "RowUp WatchKit Extension";
			productName = "RowUp WatchKit Extension";
			productReference = 4362DBFF22FA873A00F041C0 /* RowUp WatchKit Extension.appex */;
			productType = "com.apple.product-type.watchkit2-extension";
		};
/* End PBXNativeTarget section */

/* Begin PBXProject section */
		4362DBCB22FA873900F041C0 /* Project object */ = {
			isa = PBXProject;
			attributes = {
				LastSwiftUpdateCheck = 1020;
				LastUpgradeCheck = 1020;
				ORGANIZATIONNAME = "Natalia Sibaja";
				TargetAttributes = {
					4362DBD222FA873900F041C0 = {
						CreatedOnToolsVersion = 10.2.1;
					};
					4362DBE622FA873900F041C0 = {
						CreatedOnToolsVersion = 10.2.1;
						TestTargetID = 4362DBD222FA873900F041C0;
					};
					4362DBEF22FA873900F041C0 = {
						CreatedOnToolsVersion = 10.2.1;
					};
					4362DBFE22FA873A00F041C0 = {
						CreatedOnToolsVersion = 10.2.1;
					};
				};
			};
			buildConfigurationList = 4362DBCE22FA873900F041C0 /* Build configuration list for PBXProject "RowUp" */;
			compatibilityVersion = "Xcode 9.3";
			developmentRegion = en;
			hasScannedForEncodings = 0;
			knownRegions = (
				en,
				Base,
			);
			mainGroup = 4362DBCA22FA873900F041C0;
			productRefGroup = 4362DBD422FA873900F041C0 /* Products */;
			projectDirPath = "";
			projectRoot = "";
			targets = (
				4362DBD222FA873900F041C0 /* RowUp */,
				4362DBE622FA873900F041C0 /* RowUpTests */,
				4362DBEF22FA873900F041C0 /* RowUp WatchKit App */,
				4362DBFE22FA873A00F041C0 /* RowUp WatchKit Extension */,
			);
		};
/* End PBXProject section */

/* Begin PBXResourcesBuildPhase section */
		4362DBD122FA873900F041C0 /* Resources */ = {
			isa = PBXResourcesBuildPhase;
			buildActionMask = 2147483647;
			files = (
				4362DBE122FA873900F041C0 /* LaunchScreen.storyboard in Resources */,
				4362DBDE22FA873900F041C0 /* Assets.xcassets in Resources */,
				4362DBDC22FA873900F041C0 /* Main.storyboard in Resources */,
			);
			runOnlyForDeploymentPostprocessing = 0;
		};
		4362DBE522FA873900F041C0 /* Resources */ = {
			isa = PBXResourcesBuildPhase;
			buildActionMask = 2147483647;
			files = (
			);
			runOnlyForDeploymentPostprocessing = 0;
		};
		4362DBEE22FA873900F041C0 /* Resources */ = {
			isa = PBXResourcesBuildPhase;
			buildActionMask = 2147483647;
			files = (
				4362DBF922FA873A00F041C0 /* Assets.xcassets in Resources */,
				4362DBF722FA873900F041C0 /* Interface.storyboard in Resources */,
			);
			runOnlyForDeploymentPostprocessing = 0;
		};
		4362DBFD22FA873A00F041C0 /* Resources */ = {
			isa = PBXResourcesBuildPhase;
			buildActionMask = 2147483647;
			files = (
				4362DC0B22FA873B00F041C0 /* Assets.xcassets in Resources */,
			);
			runOnlyForDeploymentPostprocessing = 0;
		};
/* End PBXResourcesBuildPhase section */

/* Begin PBXSourcesBuildPhase section */
		4362DBCF22FA873900F041C0 /* Sources */ = {
			isa = PBXSourcesBuildPhase;
			buildActionMask = 2147483647;
			files = (
				4362DBD922FA873900F041C0 /* ViewController.swift in Sources */,
				4362DBD722FA873900F041C0 /* AppDelegate.swift in Sources */,
				4325DEE322FB9A6900DC5E74 /* Counter.swift in Sources */,
				4325DEE722FBC7AA00DC5E74 /* Constants.swift in Sources */,
			);
			runOnlyForDeploymentPostprocessing = 0;
		};
		4362DBE322FA873900F041C0 /* Sources */ = {
			isa = PBXSourcesBuildPhase;
			buildActionMask = 2147483647;
			files = (
				4362DBEC22FA873900F041C0 /* RowUpTests.swift in Sources */,
			);
			runOnlyForDeploymentPostprocessing = 0;
		};
		4362DBFB22FA873A00F041C0 /* Sources */ = {
			isa = PBXSourcesBuildPhase;
			buildActionMask = 2147483647;
			files = (
				4362DC0922FA873A00F041C0 /* NotificationController.swift in Sources */,
				4362DC0722FA873A00F041C0 /* ExtensionDelegate.swift in Sources */,
				4362DC0522FA873A00F041C0 /* InterfaceController.swift in Sources */,
			);
			runOnlyForDeploymentPostprocessing = 0;
		};
/* End PBXSourcesBuildPhase section */

/* Begin PBXTargetDependency section */
		4362DBE922FA873900F041C0 /* PBXTargetDependency */ = {
			isa = PBXTargetDependency;
			target = 4362DBD222FA873900F041C0 /* RowUp */;
			targetProxy = 4362DBE822FA873900F041C0 /* PBXContainerItemProxy */;
		};
		4362DBF322FA873900F041C0 /* PBXTargetDependency */ = {
			isa = PBXTargetDependency;
			target = 4362DBEF22FA873900F041C0 /* RowUp WatchKit App */;
			targetProxy = 4362DBF222FA873900F041C0 /* PBXContainerItemProxy */;
		};
		4362DC0222FA873A00F041C0 /* PBXTargetDependency */ = {
			isa = PBXTargetDependency;
			target = 4362DBFE22FA873A00F041C0 /* RowUp WatchKit Extension */;
			targetProxy = 4362DC0122FA873A00F041C0 /* PBXContainerItemProxy */;
		};
/* End PBXTargetDependency section */

/* Begin PBXVariantGroup section */
		4362DBDA22FA873900F041C0 /* Main.storyboard */ = {
			isa = PBXVariantGroup;
			children = (
				4362DBDB22FA873900F041C0 /* Base */,
			);
			name = Main.storyboard;
			sourceTree = "<group>";
		};
		4362DBDF22FA873900F041C0 /* LaunchScreen.storyboard */ = {
			isa = PBXVariantGroup;
			children = (
				4362DBE022FA873900F041C0 /* Base */,
			);
			name = LaunchScreen.storyboard;
			sourceTree = "<group>";
		};
		4362DBF522FA873900F041C0 /* Interface.storyboard */ = {
			isa = PBXVariantGroup;
			children = (
				4362DBF622FA873900F041C0 /* Base */,
			);
			name = Interface.storyboard;
			sourceTree = "<group>";
		};
/* End PBXVariantGroup section */

/* Begin XCBuildConfiguration section */
		4362DC0E22FA873B00F041C0 /* Debug */ = {
			isa = XCBuildConfiguration;
			buildSettings = {
				ALWAYS_SEARCH_USER_PATHS = NO;
				CLANG_ANALYZER_NONNULL = YES;
				CLANG_ANALYZER_NUMBER_OBJECT_CONVERSION = YES_AGGRESSIVE;
				CLANG_CXX_LANGUAGE_STANDARD = "gnu++14";
				CLANG_CXX_LIBRARY = "libc++";
				CLANG_ENABLE_MODULES = YES;
				CLANG_ENABLE_OBJC_ARC = YES;
				CLANG_ENABLE_OBJC_WEAK = YES;
				CLANG_WARN_BLOCK_CAPTURE_AUTORELEASING = YES;
				CLANG_WARN_BOOL_CONVERSION = YES;
				CLANG_WARN_COMMA = YES;
				CLANG_WARN_CONSTANT_CONVERSION = YES;
				CLANG_WARN_DEPRECATED_OBJC_IMPLEMENTATIONS = YES;
				CLANG_WARN_DIRECT_OBJC_ISA_USAGE = YES_ERROR;
				CLANG_WARN_DOCUMENTATION_COMMENTS = YES;
				CLANG_WARN_EMPTY_BODY = YES;
				CLANG_WARN_ENUM_CONVERSION = YES;
				CLANG_WARN_INFINITE_RECURSION = YES;
				CLANG_WARN_INT_CONVERSION = YES;
				CLANG_WARN_NON_LITERAL_NULL_CONVERSION = YES;
				CLANG_WARN_OBJC_IMPLICIT_RETAIN_SELF = YES;
				CLANG_WARN_OBJC_LITERAL_CONVERSION = YES;
				CLANG_WARN_OBJC_ROOT_CLASS = YES_ERROR;
				CLANG_WARN_RANGE_LOOP_ANALYSIS = YES;
				CLANG_WARN_STRICT_PROTOTYPES = YES;
				CLANG_WARN_SUSPICIOUS_MOVE = YES;
				CLANG_WARN_UNGUARDED_AVAILABILITY = YES_AGGRESSIVE;
				CLANG_WARN_UNREACHABLE_CODE = YES;
				CLANG_WARN__DUPLICATE_METHOD_MATCH = YES;
				CODE_SIGN_IDENTITY = "iPhone Developer";
				COPY_PHASE_STRIP = NO;
				DEBUG_INFORMATION_FORMAT = dwarf;
				ENABLE_STRICT_OBJC_MSGSEND = YES;
				ENABLE_TESTABILITY = YES;
				GCC_C_LANGUAGE_STANDARD = gnu11;
				GCC_DYNAMIC_NO_PIC = NO;
				GCC_NO_COMMON_BLOCKS = YES;
				GCC_OPTIMIZATION_LEVEL = 0;
				GCC_PREPROCESSOR_DEFINITIONS = (
					"DEBUG=1",
					"$(inherited)",
				);
				GCC_WARN_64_TO_32_BIT_CONVERSION = YES;
				GCC_WARN_ABOUT_RETURN_TYPE = YES_ERROR;
				GCC_WARN_UNDECLARED_SELECTOR = YES;
				GCC_WARN_UNINITIALIZED_AUTOS = YES_AGGRESSIVE;
				GCC_WARN_UNUSED_FUNCTION = YES;
				GCC_WARN_UNUSED_VARIABLE = YES;
				IPHONEOS_DEPLOYMENT_TARGET = 12.4;
				MTL_ENABLE_DEBUG_INFO = INCLUDE_SOURCE;
				MTL_FAST_MATH = YES;
				ONLY_ACTIVE_ARCH = YES;
				SDKROOT = iphoneos;
				SWIFT_ACTIVE_COMPILATION_CONDITIONS = DEBUG;
				SWIFT_OPTIMIZATION_LEVEL = "-Onone";
			};
			name = Debug;
		};
		4362DC0F22FA873B00F041C0 /* Release */ = {
			isa = XCBuildConfiguration;
			buildSettings = {
				ALWAYS_SEARCH_USER_PATHS = NO;
				CLANG_ANALYZER_NONNULL = YES;
				CLANG_ANALYZER_NUMBER_OBJECT_CONVERSION = YES_AGGRESSIVE;
				CLANG_CXX_LANGUAGE_STANDARD = "gnu++14";
				CLANG_CXX_LIBRARY = "libc++";
				CLANG_ENABLE_MODULES = YES;
				CLANG_ENABLE_OBJC_ARC = YES;
				CLANG_ENABLE_OBJC_WEAK = YES;
				CLANG_WARN_BLOCK_CAPTURE_AUTORELEASING = YES;
				CLANG_WARN_BOOL_CONVERSION = YES;
				CLANG_WARN_COMMA = YES;
				CLANG_WARN_CONSTANT_CONVERSION = YES;
				CLANG_WARN_DEPRECATED_OBJC_IMPLEMENTATIONS = YES;
				CLANG_WARN_DIRECT_OBJC_ISA_USAGE = YES_ERROR;
				CLANG_WARN_DOCUMENTATION_COMMENTS = YES;
				CLANG_WARN_EMPTY_BODY = YES;
				CLANG_WARN_ENUM_CONVERSION = YES;
				CLANG_WARN_INFINITE_RECURSION = YES;
				CLANG_WARN_INT_CONVERSION = YES;
				CLANG_WARN_NON_LITERAL_NULL_CONVERSION = YES;
				CLANG_WARN_OBJC_IMPLICIT_RETAIN_SELF = YES;
				CLANG_WARN_OBJC_LITERAL_CONVERSION = YES;
				CLANG_WARN_OBJC_ROOT_CLASS = YES_ERROR;
				CLANG_WARN_RANGE_LOOP_ANALYSIS = YES;
				CLANG_WARN_STRICT_PROTOTYPES = YES;
				CLANG_WARN_SUSPICIOUS_MOVE = YES;
				CLANG_WARN_UNGUARDED_AVAILABILITY = YES_AGGRESSIVE;
				CLANG_WARN_UNREACHABLE_CODE = YES;
				CLANG_WARN__DUPLICATE_METHOD_MATCH = YES;
				CODE_SIGN_IDENTITY = "iPhone Developer";
				COPY_PHASE_STRIP = NO;
				DEBUG_INFORMATION_FORMAT = "dwarf-with-dsym";
				ENABLE_NS_ASSERTIONS = NO;
				ENABLE_STRICT_OBJC_MSGSEND = YES;
				GCC_C_LANGUAGE_STANDARD = gnu11;
				GCC_NO_COMMON_BLOCKS = YES;
				GCC_WARN_64_TO_32_BIT_CONVERSION = YES;
				GCC_WARN_ABOUT_RETURN_TYPE = YES_ERROR;
				GCC_WARN_UNDECLARED_SELECTOR = YES;
				GCC_WARN_UNINITIALIZED_AUTOS = YES_AGGRESSIVE;
				GCC_WARN_UNUSED_FUNCTION = YES;
				GCC_WARN_UNUSED_VARIABLE = YES;
				IPHONEOS_DEPLOYMENT_TARGET = 12.4;
				MTL_ENABLE_DEBUG_INFO = NO;
				MTL_FAST_MATH = YES;
				SDKROOT = iphoneos;
				SWIFT_COMPILATION_MODE = wholemodule;
				SWIFT_OPTIMIZATION_LEVEL = "-O";
				VALIDATE_PRODUCT = YES;
			};
			name = Release;
		};
		4362DC1122FA873B00F041C0 /* Debug */ = {
			isa = XCBuildConfiguration;
			buildSettings = {
				ASSETCATALOG_COMPILER_COMPLICATION_NAME = Complication;
				CODE_SIGN_STYLE = Automatic;
				DEVELOPMENT_TEAM = JD9D5MXFUH;
				INFOPLIST_FILE = "RowUp WatchKit Extension/Info.plist";
				LD_RUNPATH_SEARCH_PATHS = (
					"$(inherited)",
					"@executable_path/Frameworks",
					"@executable_path/../../Frameworks",
				);
				PRODUCT_BUNDLE_IDENTIFIER = com.redstone.RowUp.watchkitapp.watchkitextension;
				PRODUCT_NAME = "${TARGET_NAME}";
				SDKROOT = watchos;
				SKIP_INSTALL = YES;
				SWIFT_VERSION = 5.0;
				TARGETED_DEVICE_FAMILY = 4;
				WATCHOS_DEPLOYMENT_TARGET = 5.2;
			};
			name = Debug;
		};
		4362DC1222FA873B00F041C0 /* Release */ = {
			isa = XCBuildConfiguration;
			buildSettings = {
				ASSETCATALOG_COMPILER_COMPLICATION_NAME = Complication;
				CODE_SIGN_STYLE = Automatic;
				DEVELOPMENT_TEAM = JD9D5MXFUH;
				INFOPLIST_FILE = "RowUp WatchKit Extension/Info.plist";
				LD_RUNPATH_SEARCH_PATHS = (
					"$(inherited)",
					"@executable_path/Frameworks",
					"@executable_path/../../Frameworks",
				);
				PRODUCT_BUNDLE_IDENTIFIER = com.redstone.RowUp.watchkitapp.watchkitextension;
				PRODUCT_NAME = "${TARGET_NAME}";
				SDKROOT = watchos;
				SKIP_INSTALL = YES;
				SWIFT_VERSION = 5.0;
				TARGETED_DEVICE_FAMILY = 4;
				WATCHOS_DEPLOYMENT_TARGET = 5.2;
			};
			name = Release;
		};
		4362DC1522FA873B00F041C0 /* Debug */ = {
			isa = XCBuildConfiguration;
			buildSettings = {
				ALWAYS_EMBED_SWIFT_STANDARD_LIBRARIES = YES;
				ASSETCATALOG_COMPILER_APPICON_NAME = AppIcon;
				CODE_SIGN_STYLE = Automatic;
				DEVELOPMENT_TEAM = JD9D5MXFUH;
				IBSC_MODULE = RowUp_WatchKit_Extension;
				INFOPLIST_FILE = "RowUp WatchKit App/Info.plist";
				PRODUCT_BUNDLE_IDENTIFIER = com.redstone.RowUp.watchkitapp;
				PRODUCT_NAME = "$(TARGET_NAME)";
				SDKROOT = watchos;
				SKIP_INSTALL = YES;
				SWIFT_VERSION = 5.0;
				TARGETED_DEVICE_FAMILY = 4;
				WATCHOS_DEPLOYMENT_TARGET = 5.2;
			};
			name = Debug;
		};
		4362DC1622FA873B00F041C0 /* Release */ = {
			isa = XCBuildConfiguration;
			buildSettings = {
				ALWAYS_EMBED_SWIFT_STANDARD_LIBRARIES = YES;
				ASSETCATALOG_COMPILER_APPICON_NAME = AppIcon;
				CODE_SIGN_STYLE = Automatic;
				DEVELOPMENT_TEAM = JD9D5MXFUH;
				IBSC_MODULE = RowUp_WatchKit_Extension;
				INFOPLIST_FILE = "RowUp WatchKit App/Info.plist";
				PRODUCT_BUNDLE_IDENTIFIER = com.redstone.RowUp.watchkitapp;
				PRODUCT_NAME = "$(TARGET_NAME)";
				SDKROOT = watchos;
				SKIP_INSTALL = YES;
				SWIFT_VERSION = 5.0;
				TARGETED_DEVICE_FAMILY = 4;
				WATCHOS_DEPLOYMENT_TARGET = 5.2;
			};
			name = Release;
		};
		4362DC1922FA873B00F041C0 /* Debug */ = {
			isa = XCBuildConfiguration;
			buildSettings = {
				ASSETCATALOG_COMPILER_APPICON_NAME = AppIcon;
				CODE_SIGN_STYLE = Automatic;
				DEVELOPMENT_TEAM = JD9D5MXFUH;
				INFOPLIST_FILE = RowUp/Info.plist;
				LD_RUNPATH_SEARCH_PATHS = (
					"$(inherited)",
					"@executable_path/Frameworks",
				);
				PRODUCT_BUNDLE_IDENTIFIER = com.redstone.RowUp;
				PRODUCT_NAME = "$(TARGET_NAME)";
				SWIFT_VERSION = 5.0;
				TARGETED_DEVICE_FAMILY = "1,2";
			};
			name = Debug;
		};
		4362DC1A22FA873B00F041C0 /* Release */ = {
			isa = XCBuildConfiguration;
			buildSettings = {
				ASSETCATALOG_COMPILER_APPICON_NAME = AppIcon;
				CODE_SIGN_STYLE = Automatic;
				DEVELOPMENT_TEAM = JD9D5MXFUH;
				INFOPLIST_FILE = RowUp/Info.plist;
				LD_RUNPATH_SEARCH_PATHS = (
					"$(inherited)",
					"@executable_path/Frameworks",
				);
				PRODUCT_BUNDLE_IDENTIFIER = com.redstone.RowUp;
				PRODUCT_NAME = "$(TARGET_NAME)";
				SWIFT_VERSION = 5.0;
				TARGETED_DEVICE_FAMILY = "1,2";
			};
			name = Release;
		};
		4362DC1C22FA873B00F041C0 /* Debug */ = {
			isa = XCBuildConfiguration;
			buildSettings = {
				ALWAYS_EMBED_SWIFT_STANDARD_LIBRARIES = YES;
				BUNDLE_LOADER = "$(TEST_HOST)";
				CODE_SIGN_STYLE = Automatic;
				DEVELOPMENT_TEAM = JD9D5MXFUH;
				INFOPLIST_FILE = RowUpTests/Info.plist;
				LD_RUNPATH_SEARCH_PATHS = (
					"$(inherited)",
					"@executable_path/Frameworks",
					"@loader_path/Frameworks",
				);
				PRODUCT_BUNDLE_IDENTIFIER = com.redstone.RowUpTests;
				PRODUCT_NAME = "$(TARGET_NAME)";
				SWIFT_VERSION = 5.0;
				TARGETED_DEVICE_FAMILY = "1,2";
				TEST_HOST = "$(BUILT_PRODUCTS_DIR)/RowUp.app/RowUp";
			};
			name = Debug;
		};
		4362DC1D22FA873B00F041C0 /* Release */ = {
			isa = XCBuildConfiguration;
			buildSettings = {
				ALWAYS_EMBED_SWIFT_STANDARD_LIBRARIES = YES;
				BUNDLE_LOADER = "$(TEST_HOST)";
				CODE_SIGN_STYLE = Automatic;
				DEVELOPMENT_TEAM = JD9D5MXFUH;
				INFOPLIST_FILE = RowUpTests/Info.plist;
				LD_RUNPATH_SEARCH_PATHS = (
					"$(inherited)",
					"@executable_path/Frameworks",
					"@loader_path/Frameworks",
				);
				PRODUCT_BUNDLE_IDENTIFIER = com.redstone.RowUpTests;
				PRODUCT_NAME = "$(TARGET_NAME)";
				SWIFT_VERSION = 5.0;
				TARGETED_DEVICE_FAMILY = "1,2";
				TEST_HOST = "$(BUILT_PRODUCTS_DIR)/RowUp.app/RowUp";
			};
			name = Release;
		};
/* End XCBuildConfiguration section */

/* Begin XCConfigurationList section */
		4362DBCE22FA873900F041C0 /* Build configuration list for PBXProject "RowUp" */ = {
			isa = XCConfigurationList;
			buildConfigurations = (
				4362DC0E22FA873B00F041C0 /* Debug */,
				4362DC0F22FA873B00F041C0 /* Release */,
			);
			defaultConfigurationIsVisible = 0;
			defaultConfigurationName = Release;
		};
		4362DC1022FA873B00F041C0 /* Build configuration list for PBXNativeTarget "RowUp WatchKit Extension" */ = {
			isa = XCConfigurationList;
			buildConfigurations = (
				4362DC1122FA873B00F041C0 /* Debug */,
				4362DC1222FA873B00F041C0 /* Release */,
			);
			defaultConfigurationIsVisible = 0;
			defaultConfigurationName = Release;
		};
		4362DC1422FA873B00F041C0 /* Build configuration list for PBXNativeTarget "RowUp WatchKit App" */ = {
			isa = XCConfigurationList;
			buildConfigurations = (
				4362DC1522FA873B00F041C0 /* Debug */,
				4362DC1622FA873B00F041C0 /* Release */,
			);
			defaultConfigurationIsVisible = 0;
			defaultConfigurationName = Release;
		};
		4362DC1822FA873B00F041C0 /* Build configuration list for PBXNativeTarget "RowUp" */ = {
			isa = XCConfigurationList;
			buildConfigurations = (
				4362DC1922FA873B00F041C0 /* Debug */,
				4362DC1A22FA873B00F041C0 /* Release */,
			);
			defaultConfigurationIsVisible = 0;
			defaultConfigurationName = Release;
		};
		4362DC1B22FA873B00F041C0 /* Build configuration list for PBXNativeTarget "RowUpTests" */ = {
			isa = XCConfigurationList;
			buildConfigurations = (
				4362DC1C22FA873B00F041C0 /* Debug */,
				4362DC1D22FA873B00F041C0 /* Release */,
			);
			defaultConfigurationIsVisible = 0;
			defaultConfigurationName = Release;
		};
/* End XCConfigurationList section */
	};
	rootObject = 4362DBCB22FA873900F041C0 /* Project object */;
}
